{
  "name": "conventional-recommended-bump-problem-repro",
  "version": "1.0.0",
  "lockfileVersion": 3,
  "requires": true,
  "packages": {
    "": {
      "name": "conventional-recommended-bump-problem-repro",
      "version": "1.0.0",
      "license": "Apache-2.0",
      "dependencies": {
        "conventional-recommended-bump": "^11.2.0"
      }
    },
    "node_modules/@conventional-changelog/git-client": {
      "version": "2.7.0",
      "resolved": "https://registry.npmjs.org/@conventional-changelog/git-client/-/git-client-2.7.0.tgz",
      "integrity": "sha512-j7A8/LBEQ+3rugMzPXoKYzyUPpw/0CBQCyvtTR7Lmu4olG4yRC/Tfkq79Mr3yuPs0SUitlO2HwGP3gitMJnRFw==",
      "license": "MIT",
      "dependencies": {
        "@simple-libs/child-process-utils": "^1.0.0",
        "@simple-libs/stream-utils": "^1.2.0",
        "semver": "^7.5.2"
      },
      "engines": {
        "node": ">=18"
      },
      "peerDependencies": {
        "conventional-commits-filter": "^5.0.0",
        "conventional-commits-parser": "^6.4.0"
      },
      "peerDependenciesMeta": {
        "conventional-commits-filter": {
          "optional": true
        },
        "conventional-commits-parser": {
          "optional": true
        }
      }
    },
    "node_modules/@simple-libs/child-process-utils": {
      "version": "1.0.2",
      "resolved": "https://registry.npmjs.org/@simple-libs/child-process-utils/-/child-process-utils-1.0.2.tgz",
      "integrity": "sha512-/4R8QKnd/8agJynkNdJmNw2MBxuFTRcNFnE5Sg/G+jkSsV8/UBgULMzhizWWW42p8L5H7flImV2ATi79Ove2Tw==",
      "license": "MIT",
      "dependencies": {
        "@simple-libs/stream-utils": "^1.2.0"
      },
      "engines": {
        "node": ">=18"
      },
      "funding": {
        "url": "https://ko-fi.com/dangreen"
      }
    },
    "node_modules/@simple-libs/stream-utils": {
      "version": "1.2.0",
      "resolved": "https://registry.npmjs.org/@simple-libs/stream-utils/-/stream-utils-1.2.0.tgz",
      "integrity": "sha512-KxXvfapcixpz6rVEB6HPjOUZT22yN6v0vI0urQSk1L8MlEWPDFCZkhw2xmkyoTGYeFw7tWTZd7e3lVzRZRN/EA==",
      "license": "MIT",
      "engines": {
        "node": ">=18"
      },
      "funding": {
        "url": "https://ko-fi.com/dangreen"
      }
    },
    "node_modules/conventional-changelog-preset-loader": {
      "version": "5.0.0",
      "resolved": "https://registry.npmjs.org/conventional-changelog-preset-loader/-/conventional-changelog-preset-loader-5.0.0.tgz",
      "integrity": "sha512-SetDSntXLk8Jh1NOAl1Gu5uLiCNSYenB5tm0YVeZKePRIgDW9lQImromTwLa3c/Gae298tsgOM+/CYT9XAl0NA==",
      "license": "MIT",
      "engines": {
        "node": ">=18"
      }
    },
    "node_modules/conventional-commits-filter": {
      "version": "5.0.0",
      "resolved": "https://registry.npmjs.org/conventional-commits-filter/-/conventional-commits-filter-5.0.0.tgz",
      "integrity": "sha512-tQMagCOC59EVgNZcC5zl7XqO30Wki9i9J3acbUvkaosCT6JX3EeFwJD7Qqp4MCikRnzS18WXV3BLIQ66ytu6+Q==",
      "license": "MIT",
      "peer": true,
      "engines": {
        "node": ">=18"
      }
    },
    "node_modules/conventional-commits-parser": {
      "version": "6.4.0",
      "resolved": "https://registry.npmjs.org/conventional-commits-parser/-/conventional-commits-parser-6.4.0.tgz",
      "integrity": "sha512-tvRg7FIBNlyPzjdG8wWRlPHQJJHI7DylhtRGeU9Lq+JuoPh5BKpPRX83ZdLrvXuOSu5Eo/e7SzOQhU4Hd2Miuw==",
      "license": "MIT",
      "peer": true,
      "dependencies": {
        "@simple-libs/stream-utils": "^1.2.0",
        "meow": "^13.0.0"
      },
      "bin": {
        "conventional-commits-parser": "dist/cli/index.js"
      },
      "engines": {
        "node": ">=18"
      }
    },
    "node_modules/conventional-recommended-bump": {
      "version": "11.2.0",
      "resolved": "https://registry.npmjs.org/conventional-recommended-bump/-/conventional-recommended-bump-11.2.0.tgz",
      "integrity": "sha512-lqIdmw330QdMBgfL0e6+6q5OMKyIpy4OZNmepit6FS3GldhkG+70drZjuZ0A5NFpze5j85dlYs3GabQXl6sMHw==",
      "license": "MIT",
      "dependencies": {
        "@conventional-changelog/git-client": "^2.5.1",
        "conventional-changelog-preset-loader": "^5.0.0",
        "conventional-commits-filter": "^5.0.0",
        "conventional-commits-parser": "^6.1.0",
        "meow": "^13.0.0"
      },
      "bin": {
        "conventional-recommended-bump": "dist/cli/index.js"
      },
      "engines": {
        "node": ">=18"
      }
    },
    "node_modules/meow": {
      "version": "13.2.0",
      "resolved": "https://registry.npmjs.org/meow/-/meow-13.2.0.tgz",
      "integrity": "sha512-pxQJQzB6djGPXh08dacEloMFopsOqGVRKFPYvPOt9XDZ1HasbgDZA74CJGreSU4G3Ak7EFJGoiH2auq+yXISgA==",
      "license": "MIT",
      "engines": {
        "node": ">=18"
      },
      "funding": {
        "url": "https://github.com/sponsors/sindresorhus"
      }
    },
    "node_modules/semver": {
      "version": "7.7.4",
      "resolved": "https://registry.npmjs.org/semver/-/semver-7.7.4.tgz",
      "integrity": "sha512-vFKC2IEtQnVhpT78h1Yp8wzwrf8CM+MzKMHGJZfBtzhZNycRFnXsHk6E5TxIkkMsgNS7mdX3AGB7x2QM2di4lA==",
      "license": "ISC",
      "bin": {
        "semver": "bin/semver.js"
      },
      "engines": {
        "node": ">=10"
      }
    }
  }
}
